
Microsoft Visual Studio Solution File, Format Version 12.00
# Visual Studio Version 17
VisualStudioVersion = 17.4.33205.214
MinimumVisualStudioVersion = 10.0.40219.1
Project("{9A19103F-16F7-4668-BE54-9A1E7A4F7556}") = "Romanesco.DataModel", "Romanesco2\Romanesco.DataModel.csproj", "{D1E231E1-9F40-47BA-B04A-0BC9E455707D}"
EndProject
Project("{9A19103F-16F7-4668-BE54-9A1E7A4F7556}") = "Romanesco.DataModel.Test", "Romanesco2.DataModel.Test\Romanesco.DataModel.Test.csproj", "{5130B6FE-58CA-4750-A9B6-D1BFA76B4ADF}"
EndProject
Project("{FAE04EC0-301F-11D3-BF4B-00C04F79EFBC}") = "RomanescoPlus.Annotations", "RomanescoPlus.Annotations\RomanescoPlus.Annotations.csproj", "{38A3A570-F028-4B75-8CCB-7DFB2FECB73D}"
EndProject
Global
	GlobalSection(SolutionConfigurationPlatforms) = preSolution
		Debug|Any CPU = Debug|Any CPU
		Release|Any CPU = Release|Any CPU
	EndGlobalSection
	GlobalSection(ProjectConfigurationPlatforms) = postSolution
		{D1E231E1-9F40-47BA-B04A-0BC9E455707D}.Debug|Any CPU.ActiveCfg = Debug|Any CPU
		{D1E231E1-9F40-47BA-B04A-0BC9E455707D}.Debug|Any CPU.Build.0 = Debug|Any CPU
		{D1E231E1-9F40-47BA-B04A-0BC9E455707D}.Release|Any CPU.ActiveCfg = Release|Any CPU
		{D1E231E1-9F40-47BA-B04A-0BC9E455707D}.Release|Any CPU.Build.0 = Release|Any CPU
		{5130B6FE-58CA-4750-A9B6-D1BFA76B4ADF}.Debug|Any CPU.ActiveCfg = Debug|Any CPU
		{5130B6FE-58CA-4750-A9B6-D1BFA76B4ADF}.Debug|Any CPU.Build.0 = Debug|Any CPU
		{5130B6FE-58CA-4750-A9B6-D1BFA76B4ADF}.Release|Any CPU.ActiveCfg = Release|Any CPU
		{5130B6FE-58CA-4750-A9B6-D1BFA76B4ADF}.Release|Any CPU.Build.0 = Release|Any CPU
		{38A3A570-F028-4B75-8CCB-7DFB2FECB73D}.Debug|Any CPU.ActiveCfg = Debug|Any CPU
		{38A3A570-F028-4B75-8CCB-7DFB2FECB73D}.Debug|Any CPU.Build.0 = Debug|Any CPU
		{38A3A570-F028-4B75-8CCB-7DFB2FECB73D}.Release|Any CPU.ActiveCfg = Release|Any CPU
		{38A3A570-F028-4B75-8CCB-7DFB2FECB73D}.Release|Any CPU.Build.0 = Release|Any CPU
	EndGlobalSection
	GlobalSection(SolutionProperties) = preSolution
		HideSolutionNode = FALSE
	EndGlobalSection
	GlobalSection(ExtensibilityGlobals) = postSolution
		SolutionGuid = {CB93B0B8-1366-49D4-AE06-CEC573475073}
	EndGlobalSection
EndGlobal
